
Microsoft Visual Studio Solution File, Format Version 12.00
# Visual Studio Version 17
VisualStudioVersion = 17.8.34330.188
MinimumVisualStudioVersion = 10.0.40219.1
Project("{2150E333-8FDC-42A3-9474-1A3956D46DE8}") = "Docker", "Docker", "{6A87AC8B-73CF-4B11-813F-5CA077C38A33}"
	ProjectSection(SolutionItems) = preProject
		Docker\.env = Docker\.env
		Docker\docker-compose.yml = Docker\docker-compose.yml
	EndProjectSection
EndProject
Project("{2150E333-8FDC-42A3-9474-1A3956D46DE8}") = "Logstash", "Logstash", "{DDC8AAC4-1A48-4749-9D03-64FEE0B95688}"
	ProjectSection(SolutionItems) = preProject
		Docker\Logstash\Dockerfile = Docker\Logstash\Dockerfile
	EndProjectSection
EndProject
Project("{2150E333-8FDC-42A3-9474-1A3956D46DE8}") = "Kibana", "Kibana", "{434EA7FD-BC21-41CD-8998-97912645C366}"
	ProjectSection(SolutionItems) = preProject
		Docker\Kibana\Dockerfile = Docker\Kibana\Dockerfile
	EndProjectSection
EndProject
Project("{2150E333-8FDC-42A3-9474-1A3956D46DE8}") = "Elastic", "Elastic", "{38DF522C-3405-44F4-816C-9A7B94A6AA4A}"
	ProjectSection(SolutionItems) = preProject
		Docker\Elastic\Dockerfile = Docker\Elastic\Dockerfile
	EndProjectSection
EndProject
Project("{2150E333-8FDC-42A3-9474-1A3956D46DE8}") = "config", "config", "{16C26F47-C0D4-4C45-846E-9A5E94E5D278}"
	ProjectSection(SolutionItems) = preProject
		Docker\Elastic\config\elasticsearch.yml = Docker\Elastic\config\elasticsearch.yml
	EndProjectSection
EndProject
Project("{2150E333-8FDC-42A3-9474-1A3956D46DE8}") = "config", "config", "{E067DF3B-D836-4EF3-8FFB-B34F6A696BFA}"
	ProjectSection(SolutionItems) = preProject
		Docker\Kibana\config\kibana.yml = Docker\Kibana\config\kibana.yml
	EndProjectSection
EndProject
Project("{2150E333-8FDC-42A3-9474-1A3956D46DE8}") = "config", "config", "{BF3195B1-613E-40CA-B321-05AFE70085A2}"
	ProjectSection(SolutionItems) = preProject
		Docker\Logstash\config\logstash.yml = Docker\Logstash\config\logstash.yml
	EndProjectSection
EndProject
Project("{2150E333-8FDC-42A3-9474-1A3956D46DE8}") = "pipeline", "pipeline", "{B5CA2706-D907-4F83-8E4F-60F262C54D0C}"
	ProjectSection(SolutionItems) = preProject
		Docker\Logstash\pipeline\logstash.conf = Docker\Logstash\pipeline\logstash.conf
	EndProjectSection
EndProject
Project("{2150E333-8FDC-42A3-9474-1A3956D46DE8}") = "Filebeat", "Filebeat", "{023BA0C6-6127-4145-A1FC-CE4CA174F5C2}"
	ProjectSection(SolutionItems) = preProject
		Docker\Filebeat\filebeat.yml = Docker\Filebeat\filebeat.yml
	EndProjectSection
EndProject
Project("{9A19103F-16F7-4668-BE54-9A1E7A4F7556}") = "JuntoSeguros.Enterprise.Library", "JuntoSeguros.Enterprise.Library\JuntoSeguros.Enterprise.Library.csproj", "{76F6EADE-82B2-44F4-98FC-F64979CBE249}"
EndProject
Project("{2150E333-8FDC-42A3-9474-1A3956D46DE8}") = "Commom", "Commom", "{FB98C67F-0572-481A-AE3E-510D298F3DD3}"
EndProject
Project("{2150E333-8FDC-42A3-9474-1A3956D46DE8}") = "Jaeger", "Jaeger", "{DA7ECC65-F017-4EEA-B431-185152F420AC}"
	ProjectSection(SolutionItems) = preProject
		Docker\Jaeger\Dockerfile = Docker\Jaeger\Dockerfile
	EndProjectSection
EndProject
Project("{2150E333-8FDC-42A3-9474-1A3956D46DE8}") = "OTELCollector", "OTELCollector", "{6112A377-2F2B-4763-88F1-894DE43D627F}"
	ProjectSection(SolutionItems) = preProject
		Docker\OTELCollector\Dockerfile = Docker\OTELCollector\Dockerfile
	EndProjectSection
EndProject
Project("{2150E333-8FDC-42A3-9474-1A3956D46DE8}") = "config", "config", "{8ED43B2A-3FA3-429E-BC29-0A30C931A239}"
	ProjectSection(SolutionItems) = preProject
		Docker\OTELCollector\config\otel-collector.yml = Docker\OTELCollector\config\otel-collector.yml
	EndProjectSection
EndProject
Project("{9A19103F-16F7-4668-BE54-9A1E7A4F7556}") = "JuntoSeguros.Domain", "JuntoSeguros.Core.Domain\JuntoSeguros.Domain.csproj", "{3FFAA26B-1D3C-44B2-B62E-7C6C45D27099}"
EndProject
Project("{2150E333-8FDC-42A3-9474-1A3956D46DE8}") = "Domain", "Domain", "{74492F5A-A3E5-46B9-B5C3-860862681A5D}"
EndProject
Project("{9A19103F-16F7-4668-BE54-9A1E7A4F7556}") = "JuntoSeguros.Application", "JuntoSeguros.Application\JuntoSeguros.Application.csproj", "{D8BA1B75-D554-4A85-B8B0-276D1D58C847}"
EndProject
Project("{2150E333-8FDC-42A3-9474-1A3956D46DE8}") = "InternalAPI", "InternalAPI", "{BE74370A-35B7-4C30-89E6-244200E7C9B9}"
EndProject
Project("{2150E333-8FDC-42A3-9474-1A3956D46DE8}") = "Infra", "Infra", "{2CD23010-932B-4CAD-A867-5D4B6D6CEE05}"
EndProject
Project("{9A19103F-16F7-4668-BE54-9A1E7A4F7556}") = "JuntoSeguros.Infra", "JuntoSeguros.Infra\JuntoSeguros.Infra.csproj", "{CB347D88-94C7-4341-AAFE-82C64E7764EE}"
EndProject
Project("{9A19103F-16F7-4668-BE54-9A1E7A4F7556}") = "JuntoSeguros.Infra.IoC", "JuntoSeguros.Infra.IoC\JuntoSeguros.Infra.IoC.csproj", "{F9DC2511-BCEB-4329-955F-0FA85AEA284D}"
EndProject
Project("{2150E333-8FDC-42A3-9474-1A3956D46DE8}") = "Test", "Test", "{FF20FD11-75AE-4A62-965E-1B9C3A01B2FB}"
EndProject
Project("{9A19103F-16F7-4668-BE54-9A1E7A4F7556}") = "JuntoSeguros.Application.Test", "JuntoSeguros.Application.Test\JuntoSeguros.Application.Test.csproj", "{8B18B971-97DE-4C7F-931E-E93BE5E94967}"
EndProject
Project("{9A19103F-16F7-4668-BE54-9A1E7A4F7556}") = "JuntoSeguros.Domain.Test", "JuntoSeguros.Domain.Test\JuntoSeguros.Domain.Test.csproj", "{7C64935D-798A-47DC-876E-9F4604D8D773}"
EndProject
Project("{2150E333-8FDC-42A3-9474-1A3956D46DE8}") = "SQLServer", "SQLServer", "{E39B5F08-260C-492E-A961-51450F42D97C}"
	ProjectSection(SolutionItems) = preProject
		Docker\SQLServer\Dockerfile = Docker\SQLServer\Dockerfile
	EndProjectSection
EndProject
Project("{2150E333-8FDC-42A3-9474-1A3956D46DE8}") = "config", "config", "{FE713A66-D1EB-4F42-833B-D83216023EB9}"
	ProjectSection(SolutionItems) = preProject
		Docker\SQLServer\config\sqlserver.yml = Docker\SQLServer\config\sqlserver.yml
	EndProjectSection
EndProject
Project("{2150E333-8FDC-42A3-9474-1A3956D46DE8}") = "MSTools", "MSTools", "{51B9C5B0-95C7-40B5-9DF5-D23A2E3A79E4}"
	ProjectSection(SolutionItems) = preProject
		Docker\MSTools\Dockerfile = Docker\MSTools\Dockerfile
	EndProjectSection
EndProject
Project("{2150E333-8FDC-42A3-9474-1A3956D46DE8}") = "init", "init", "{442DCB44-1E6A-425A-A126-AC78407974D5}"
	ProjectSection(SolutionItems) = preProject
		Docker\MSTools\init\init-juntoseguros_onboarding.sh = Docker\MSTools\init\init-juntoseguros_onboarding.sh
		Docker\MSTools\init\JuntoSegurosOnboarding_Creation.sql = Docker\MSTools\init\JuntoSegurosOnboarding_Creation.sql
		Docker\MSTools\init\JuntoSegurosOnboarding_Insertions.sql = Docker\MSTools\init\JuntoSegurosOnboarding_Insertions.sql
	EndProjectSection
EndProject
Project("{2150E333-8FDC-42A3-9474-1A3956D46DE8}") = "Redis", "Redis", "{6C5B6FD8-43E9-4018-B7AF-250DB1750ED5}"
	ProjectSection(SolutionItems) = preProject
		Docker\Redis\Dockerfile = Docker\Redis\Dockerfile
	EndProjectSection
EndProject
Project("{2150E333-8FDC-42A3-9474-1A3956D46DE8}") = "Mongo", "Mongo", "{CD874E37-A4A4-4015-B371-9C32B292A06B}"
	ProjectSection(SolutionItems) = preProject
		Docker\Mongo\Dockerfile = Docker\Mongo\Dockerfile
	EndProjectSection
EndProject
Project("{2150E333-8FDC-42A3-9474-1A3956D46DE8}") = "config", "config", "{6F777875-37B8-4C5E-BE13-A203369DEBE1}"
	ProjectSection(SolutionItems) = preProject
		Docker\Mongo\config\mongo.yml = Docker\Mongo\config\mongo.yml
	EndProjectSection
EndProject
Project("{9A19103F-16F7-4668-BE54-9A1E7A4F7556}") = "JuntoSeguros.Infra.IntegrationTest", "JuntoSeguros.Infra.Test\JuntoSeguros.Infra.IntegrationTest.csproj", "{CAA2AC07-47F6-467E-B8D4-1C137C0F0AEB}"
EndProject
Project("{9A19103F-16F7-4668-BE54-9A1E7A4F7556}") = "JuntoSeguros.Onboarding.Command.Api", "JuntoSeguros.Onboarding.Command.API\JuntoSeguros.Onboarding.Command.Api.csproj", "{CA634357-A756-4716-B59D-4EB54C9579A7}"
EndProject
Project("{9A19103F-16F7-4668-BE54-9A1E7A4F7556}") = "JuntoSeguros.Onboarding.Query.Api", "JuntoSeguros.Onboarding.Query.API\JuntoSeguros.Onboarding.Query.Api.csproj", "{C6F69617-CDC7-415E-9AD0-B37E74C81DFA}"
EndProject
Project("{2150E333-8FDC-42A3-9474-1A3956D46DE8}") = "RabbitMQ", "RabbitMQ", "{5AA3C467-7554-44DF-87CB-AEEB93AFD493}"
	ProjectSection(SolutionItems) = preProject
		Docker\RabbitMQ\Dockerfile = Docker\RabbitMQ\Dockerfile
	EndProjectSection
EndProject
Global
	GlobalSection(SolutionConfigurationPlatforms) = preSolution
		Debug|Any CPU = Debug|Any CPU
		Release|Any CPU = Release|Any CPU
	EndGlobalSection
	GlobalSection(ProjectConfigurationPlatforms) = postSolution
		{76F6EADE-82B2-44F4-98FC-F64979CBE249}.Debug|Any CPU.ActiveCfg = Debug|Any CPU
		{76F6EADE-82B2-44F4-98FC-F64979CBE249}.Debug|Any CPU.Build.0 = Debug|Any CPU
		{76F6EADE-82B2-44F4-98FC-F64979CBE249}.Release|Any CPU.ActiveCfg = Release|Any CPU
		{76F6EADE-82B2-44F4-98FC-F64979CBE249}.Release|Any CPU.Build.0 = Release|Any CPU
		{3FFAA26B-1D3C-44B2-B62E-7C6C45D27099}.Debug|Any CPU.ActiveCfg = Debug|Any CPU
		{3FFAA26B-1D3C-44B2-B62E-7C6C45D27099}.Debug|Any CPU.Build.0 = Debug|Any CPU
		{3FFAA26B-1D3C-44B2-B62E-7C6C45D27099}.Release|Any CPU.ActiveCfg = Release|Any CPU
		{3FFAA26B-1D3C-44B2-B62E-7C6C45D27099}.Release|Any CPU.Build.0 = Release|Any CPU
		{D8BA1B75-D554-4A85-B8B0-276D1D58C847}.Debug|Any CPU.ActiveCfg = Debug|Any CPU
		{D8BA1B75-D554-4A85-B8B0-276D1D58C847}.Debug|Any CPU.Build.0 = Debug|Any CPU
		{D8BA1B75-D554-4A85-B8B0-276D1D58C847}.Release|Any CPU.ActiveCfg = Release|Any CPU
		{D8BA1B75-D554-4A85-B8B0-276D1D58C847}.Release|Any CPU.Build.0 = Release|Any CPU
		{CB347D88-94C7-4341-AAFE-82C64E7764EE}.Debug|Any CPU.ActiveCfg = Debug|Any CPU
		{CB347D88-94C7-4341-AAFE-82C64E7764EE}.Debug|Any CPU.Build.0 = Debug|Any CPU
		{CB347D88-94C7-4341-AAFE-82C64E7764EE}.Release|Any CPU.ActiveCfg = Release|Any CPU
		{CB347D88-94C7-4341-AAFE-82C64E7764EE}.Release|Any CPU.Build.0 = Release|Any CPU
		{F9DC2511-BCEB-4329-955F-0FA85AEA284D}.Debug|Any CPU.ActiveCfg = Debug|Any CPU
		{F9DC2511-BCEB-4329-955F-0FA85AEA284D}.Debug|Any CPU.Build.0 = Debug|Any CPU
		{F9DC2511-BCEB-4329-955F-0FA85AEA284D}.Release|Any CPU.ActiveCfg = Release|Any CPU
		{F9DC2511-BCEB-4329-955F-0FA85AEA284D}.Release|Any CPU.Build.0 = Release|Any CPU
		{8B18B971-97DE-4C7F-931E-E93BE5E94967}.Debug|Any CPU.ActiveCfg = Debug|Any CPU
		{8B18B971-97DE-4C7F-931E-E93BE5E94967}.Debug|Any CPU.Build.0 = Debug|Any CPU
		{8B18B971-97DE-4C7F-931E-E93BE5E94967}.Release|Any CPU.ActiveCfg = Release|Any CPU
		{8B18B971-97DE-4C7F-931E-E93BE5E94967}.Release|Any CPU.Build.0 = Release|Any CPU
		{7C64935D-798A-47DC-876E-9F4604D8D773}.Debug|Any CPU.ActiveCfg = Debug|Any CPU
		{7C64935D-798A-47DC-876E-9F4604D8D773}.Debug|Any CPU.Build.0 = Debug|Any CPU
		{7C64935D-798A-47DC-876E-9F4604D8D773}.Release|Any CPU.ActiveCfg = Release|Any CPU
		{7C64935D-798A-47DC-876E-9F4604D8D773}.Release|Any CPU.Build.0 = Release|Any CPU
		{CAA2AC07-47F6-467E-B8D4-1C137C0F0AEB}.Debug|Any CPU.ActiveCfg = Debug|Any CPU
		{CAA2AC07-47F6-467E-B8D4-1C137C0F0AEB}.Debug|Any CPU.Build.0 = Debug|Any CPU
		{CAA2AC07-47F6-467E-B8D4-1C137C0F0AEB}.Release|Any CPU.ActiveCfg = Release|Any CPU
		{CAA2AC07-47F6-467E-B8D4-1C137C0F0AEB}.Release|Any CPU.Build.0 = Release|Any CPU
		{CA634357-A756-4716-B59D-4EB54C9579A7}.Debug|Any CPU.ActiveCfg = Debug|Any CPU
		{CA634357-A756-4716-B59D-4EB54C9579A7}.Debug|Any CPU.Build.0 = Debug|Any CPU
		{CA634357-A756-4716-B59D-4EB54C9579A7}.Release|Any CPU.ActiveCfg = Release|Any CPU
		{CA634357-A756-4716-B59D-4EB54C9579A7}.Release|Any CPU.Build.0 = Release|Any CPU
		{C6F69617-CDC7-415E-9AD0-B37E74C81DFA}.Debug|Any CPU.ActiveCfg = Debug|Any CPU
		{C6F69617-CDC7-415E-9AD0-B37E74C81DFA}.Debug|Any CPU.Build.0 = Debug|Any CPU
		{C6F69617-CDC7-415E-9AD0-B37E74C81DFA}.Release|Any CPU.ActiveCfg = Release|Any CPU
		{C6F69617-CDC7-415E-9AD0-B37E74C81DFA}.Release|Any CPU.Build.0 = Release|Any CPU
	EndGlobalSection
	GlobalSection(SolutionProperties) = preSolution
		HideSolutionNode = FALSE
	EndGlobalSection
	GlobalSection(NestedProjects) = preSolution
		{DDC8AAC4-1A48-4749-9D03-64FEE0B95688} = {6A87AC8B-73CF-4B11-813F-5CA077C38A33}
		{434EA7FD-BC21-41CD-8998-97912645C366} = {6A87AC8B-73CF-4B11-813F-5CA077C38A33}
		{38DF522C-3405-44F4-816C-9A7B94A6AA4A} = {6A87AC8B-73CF-4B11-813F-5CA077C38A33}
		{16C26F47-C0D4-4C45-846E-9A5E94E5D278} = {38DF522C-3405-44F4-816C-9A7B94A6AA4A}
		{E067DF3B-D836-4EF3-8FFB-B34F6A696BFA} = {434EA7FD-BC21-41CD-8998-97912645C366}
		{BF3195B1-613E-40CA-B321-05AFE70085A2} = {DDC8AAC4-1A48-4749-9D03-64FEE0B95688}
		{B5CA2706-D907-4F83-8E4F-60F262C54D0C} = {DDC8AAC4-1A48-4749-9D03-64FEE0B95688}
		{023BA0C6-6127-4145-A1FC-CE4CA174F5C2} = {6A87AC8B-73CF-4B11-813F-5CA077C38A33}
		{76F6EADE-82B2-44F4-98FC-F64979CBE249} = {FB98C67F-0572-481A-AE3E-510D298F3DD3}
		{DA7ECC65-F017-4EEA-B431-185152F420AC} = {6A87AC8B-73CF-4B11-813F-5CA077C38A33}
		{6112A377-2F2B-4763-88F1-894DE43D627F} = {6A87AC8B-73CF-4B11-813F-5CA077C38A33}
		{8ED43B2A-3FA3-429E-BC29-0A30C931A239} = {6112A377-2F2B-4763-88F1-894DE43D627F}
		{3FFAA26B-1D3C-44B2-B62E-7C6C45D27099} = {74492F5A-A3E5-46B9-B5C3-860862681A5D}
		{D8BA1B75-D554-4A85-B8B0-276D1D58C847} = {74492F5A-A3E5-46B9-B5C3-860862681A5D}
		{CB347D88-94C7-4341-AAFE-82C64E7764EE} = {2CD23010-932B-4CAD-A867-5D4B6D6CEE05}
		{F9DC2511-BCEB-4329-955F-0FA85AEA284D} = {2CD23010-932B-4CAD-A867-5D4B6D6CEE05}
		{8B18B971-97DE-4C7F-931E-E93BE5E94967} = {FF20FD11-75AE-4A62-965E-1B9C3A01B2FB}
		{7C64935D-798A-47DC-876E-9F4604D8D773} = {FF20FD11-75AE-4A62-965E-1B9C3A01B2FB}
		{E39B5F08-260C-492E-A961-51450F42D97C} = {6A87AC8B-73CF-4B11-813F-5CA077C38A33}
		{FE713A66-D1EB-4F42-833B-D83216023EB9} = {E39B5F08-260C-492E-A961-51450F42D97C}
		{51B9C5B0-95C7-40B5-9DF5-D23A2E3A79E4} = {6A87AC8B-73CF-4B11-813F-5CA077C38A33}
		{442DCB44-1E6A-425A-A126-AC78407974D5} = {51B9C5B0-95C7-40B5-9DF5-D23A2E3A79E4}
		{6C5B6FD8-43E9-4018-B7AF-250DB1750ED5} = {6A87AC8B-73CF-4B11-813F-5CA077C38A33}
		{CD874E37-A4A4-4015-B371-9C32B292A06B} = {6A87AC8B-73CF-4B11-813F-5CA077C38A33}
		{6F777875-37B8-4C5E-BE13-A203369DEBE1} = {CD874E37-A4A4-4015-B371-9C32B292A06B}
		{CAA2AC07-47F6-467E-B8D4-1C137C0F0AEB} = {FF20FD11-75AE-4A62-965E-1B9C3A01B2FB}
		{CA634357-A756-4716-B59D-4EB54C9579A7} = {BE74370A-35B7-4C30-89E6-244200E7C9B9}
		{C6F69617-CDC7-415E-9AD0-B37E74C81DFA} = {BE74370A-35B7-4C30-89E6-244200E7C9B9}
		{5AA3C467-7554-44DF-87CB-AEEB93AFD493} = {6A87AC8B-73CF-4B11-813F-5CA077C38A33}
	EndGlobalSection
	GlobalSection(ExtensibilityGlobals) = postSolution
		SolutionGuid = {E0447C4E-0E7F-41B7-8C09-939E97EDC0C4}
	EndGlobalSection
EndGlobal
